// !$*UTF8*$!
{
	archiveVersion = 1;
	classes = {
	};
	objectVersion = 77;
	objects = {

/* Begin PBXContainerItemProxy section */
		784E83162E3020F200A4B6AA /* PBXContainerItemProxy */ = {
			isa = PBXContainerItemProxy;
			containerPortal = 784E82F72E3020EE00A4B6AA /* Project object */;
			proxyType = 1;
			remoteGlobalIDString = 784E82FE2E3020EE00A4B6AA;
			remoteInfo = "src-archive";
		};
		784E83202E3020F200A4B6AA /* PBXContainerItemProxy */ = {
			isa = PBXContainerItemProxy;
			containerPortal = 784E82F72E3020EE00A4B6AA /* Project object */;
			proxyType = 1;
			remoteGlobalIDString = 784E82FE2E3020EE00A4B6AA;
			remoteInfo = "src-archive";
		};
/* End PBXContainerItemProxy section */

/* Begin PBXFileReference section */
		784E82FF2E3020EE00A4B6AA /* src-archive.app */ = {isa = PBXFileReference; explicitFileType = wrapper.application; includeInIndex = 0; path = "src-archive.app"; sourceTree = BUILT_PRODUCTS_DIR; };
		784E83152E3020F200A4B6AA /* src-archiveTests.xctest */ = {isa = PBXFileReference; explicitFileType = wrapper.cfbundle; includeInIndex = 0; path = "src-archiveTests.xctest"; sourceTree = BUILT_PRODUCTS_DIR; };
		784E831F2E3020F200A4B6AA /* src-archiveUITests.xctest */ = {isa = PBXFileReference; explicitFileType = wrapper.cfbundle; includeInIndex = 0; path = "src-archiveUITests.xctest"; sourceTree = BUILT_PRODUCTS_DIR; };
/* End PBXFileReference section */

/* Begin PBXFileSystemSynchronizedBuildFileExceptionSet section */
		784E83272E3020F200A4B6AA /* Exceptions for "src-archive" folder in "src-archive" target */ = {
			isa = PBXFileSystemSynchronizedBuildFileExceptionSet;
			membershipExceptions = (
				Info.plist,
			);
			target = 784E82FE2E3020EE00A4B6AA /* src-archive */;
		};
/* End PBXFileSystemSynchronizedBuildFileExceptionSet section */

/* Begin PBXFileSystemSynchronizedRootGroup section */
		784E83012E3020EE00A4B6AA /* src-archive */ = {
			isa = PBXFileSystemSynchronizedRootGroup;
			exceptions = (
				784E83272E3020F200A4B6AA /* Exceptions for "src-archive" folder in "src-archive" target */,
			);
			path = "src-archive";
			sourceTree = "<group>";
		};
		784E83182E3020F200A4B6AA /* src-archiveTests */ = {
			isa = PBXFileSystemSynchronizedRootGroup;
			path = "src-archiveTests";
			sourceTree = "<group>";
		};
		784E83222E3020F200A4B6AA /* src-archiveUITests */ = {
			isa = PBXFileSystemSynchronizedRootGroup;
			path = "src-archiveUITests";
			sourceTree = "<group>";
		};
/* End PBXFileSystemSynchronizedRootGroup section */

/* Begin PBXFrameworksBuildPhase section */
		784E82FC2E3020EE00A4B6AA /* Frameworks */ = {
			isa = PBXFrameworksBuildPhase;
			buildActionMask = 2147483647;
			files = (
			);
			runOnlyForDeploymentPostprocessing = 0;
		};
		784E83122E3020F200A4B6AA /* Frameworks */ = {
			isa = PBXFrameworksBuildPhase;
			buildActionMask = 2147483647;
			files = (
			);
			runOnlyForDeploymentPostprocessing = 0;
		};
		784E831C2E3020F200A4B6AA /* Frameworks */ = {
			isa = PBXFrameworksBuildPhase;
			buildActionMask = 2147483647;
			files = (
			);
			runOnlyForDeploymentPostprocessing = 0;
		};
/* End PBXFrameworksBuildPhase section */

/* Begin PBXGroup section */
		784E82F62E3020EE00A4B6AA = {
			isa = PBXGroup;
			children = (
				784E83012E3020EE00A4B6AA /* src-archive */,
				784E83182E3020F200A4B6AA /* src-archiveTests */,
				784E83222E3020F200A4B6AA /* src-archiveUITests */,
				784E83002E3020EE00A4B6AA /* Products */,
			);
			sourceTree = "<group>";
		};
		784E83002E3020EE00A4B6AA /* Products */ = {
			isa = PBXGroup;
			children = (
				784E82FF2E3020EE00A4B6AA /* src-archive.app */,
				784E83152E3020F200A4B6AA /* src-archiveTests.xctest */,
				784E831F2E3020F200A4B6AA /* src-archiveUITests.xctest */,
			);
			name = Products;
			sourceTree = "<group>";
		};
/* End PBXGroup section */

/* Begin PBXNativeTarget section */
		784E82FE2E3020EE00A4B6AA /* src-archive */ = {
			isa = PBXNativeTarget;
			buildConfigurationList = 784E83282E3020F200A4B6AA /* Build configuration list for PBXNativeTarget "src-archive" */;
			buildPhases = (
				784E82FB2E3020EE00A4B6AA /* Sources */,
				784E82FC2E3020EE00A4B6AA /* Frameworks */,
				784E82FD2E3020EE00A4B6AA /* Resources */,
			);
			buildRules = (
			);
			dependencies = (
			);
			fileSystemSynchronizedGroups = (
				784E83012E3020EE00A4B6AA /* src-archive */,
			);
			name = "src-archive";
			packageProductDependencies = (
			);
			productName = "src-archive";
			productReference = 784E82FF2E3020EE00A4B6AA /* src-archive.app */;
			productType = "com.apple.product-type.application";
		};
		784E83142E3020F200A4B6AA /* src-archiveTests */ = {
			isa = PBXNativeTarget;
			buildConfigurationList = 784E832D2E3020F200A4B6AA /* Build configuration list for PBXNativeTarget "src-archiveTests" */;
			buildPhases = (
				784E83112E3020F200A4B6AA /* Sources */,
				784E83122E3020F200A4B6AA /* Frameworks */,
				784E83132E3020F200A4B6AA /* Resources */,
			);
			buildRules = (
			);
			dependencies = (
				784E83172E3020F200A4B6AA /* PBXTargetDependency */,
			);
			fileSystemSynchronizedGroups = (
				784E83182E3020F200A4B6AA /* src-archiveTests */,
			);
			name = "src-archiveTests";
			packageProductDependencies = (
			);
			productName = "src-archiveTests";
			productReference = 784E83152E3020F200A4B6AA /* src-archiveTests.xctest */;
			productType = "com.apple.product-type.bundle.unit-test";
		};
		784E831E2E3020F200A4B6AA /* src-archiveUITests */ = {
			isa = PBXNativeTarget;
			buildConfigurationList = 784E83302E3020F200A4B6AA /* Build configuration list for PBXNativeTarget "src-archiveUITests" */;
			buildPhases = (
				784E831B2E3020F200A4B6AA /* Sources */,
				784E831C2E3020F200A4B6AA /* Frameworks */,
				784E831D2E3020F200A4B6AA /* Resources */,
			);
			buildRules = (
			);
			dependencies = (
				784E83212E3020F200A4B6AA /* PBXTargetDependency */,
			);
			fileSystemSynchronizedGroups = (
				784E83222E3020F200A4B6AA /* src-archiveUITests */,
			);
			name = "src-archiveUITests";
			packageProductDependencies = (
			);
			productName = "src-archiveUITests";
			productReference = 784E831F2E3020F200A4B6AA /* src-archiveUITests.xctest */;
			productType = "com.apple.product-type.bundle.ui-testing";
		};
/* End PBXNativeTarget section */

/* Begin PBXProject section */
		784E82F72E3020EE00A4B6AA /* Project object */ = {
			isa = PBXProject;
			attributes = {
				BuildIndependentTargetsInParallel = 1;
				LastSwiftUpdateCheck = 1640;
				LastUpgradeCheck = 1640;
				TargetAttributes = {
					784E82FE2E3020EE00A4B6AA = {
						CreatedOnToolsVersion = 16.4;
					};
					784E83142E3020F200A4B6AA = {
						CreatedOnToolsVersion = 16.4;
						TestTargetID = 784E82FE2E3020EE00A4B6AA;
					};
					784E831E2E3020F200A4B6AA = {
						CreatedOnToolsVersion = 16.4;
						TestTargetID = 784E82FE2E3020EE00A4B6AA;
					};
				};
			};
			buildConfigurationList = 784E82FA2E3020EE00A4B6AA /* Build configuration list for PBXProject "src-archive" */;
			developmentRegion = en;
			hasScannedForEncodings = 0;
			knownRegions = (
				en,
				Base,
			);
			mainGroup = 784E82F62E3020EE00A4B6AA;
			minimizedProjectReferenceProxies = 1;
			preferredProjectObjectVersion = 77;
			productRefGroup = 784E83002E3020EE00A4B6AA /* Products */;
			projectDirPath = "";
			projectRoot = "";
			targets = (
				784E82FE2E3020EE00A4B6AA /* src-archive */,
				784E83142E3020F200A4B6AA /* src-archiveTests */,
				784E831E2E3020F200A4B6AA /* src-archiveUITests */,
			);
		};
/* End PBXProject section */

/* Begin PBXResourcesBuildPhase section */
		784E82FD2E3020EE00A4B6AA /* Resources */ = {
			isa = PBXResourcesBuildPhase;
			buildActionMask = 2147483647;
			files = (
			);
			runOnlyForDeploymentPostprocessing = 0;
		};
		784E83132E3020F200A4B6AA /* Resources */ = {
			isa = PBXResourcesBuildPhase;
			buildActionMask = 2147483647;
			files = (
			);
			runOnlyForDeploymentPostprocessing = 0;
		};
		784E831D2E3020F200A4B6AA /* Resources */ = {
			isa = PBXResourcesBuildPhase;
			buildActionMask = 2147483647;
			files = (
			);
			runOnlyForDeploymentPostprocessing = 0;
		};
/* End PBXResourcesBuildPhase section */

/* Begin PBXSourcesBuildPhase section */
		784E82FB2E3020EE00A4B6AA /* Sources */ = {
			isa = PBXSourcesBuildPhase;
			buildActionMask = 2147483647;
			files = (
			);
			runOnlyForDeploymentPostprocessing = 0;
		};
		784E83112E3020F200A4B6AA /* Sources */ = {
			isa = PBXSourcesBuildPhase;
			buildActionMask = 2147483647;
			files = (
			);
			runOnlyForDeploymentPostprocessing = 0;
		};
		784E831B2E3020F200A4B6AA /* Sources */ = {
			isa = PBXSourcesBuildPhase;
			buildActionMask = 2147483647;
			files = (
			);
			runOnlyForDeploymentPostprocessing = 0;
		};
/* End PBXSourcesBuildPhase section */

/* Begin PBXTargetDependency section */
		784E83172E3020F200A4B6AA /* PBXTargetDependency */ = {
			isa = PBXTargetDependency;
			target = 784E82FE2E3020EE00A4B6AA /* src-archive */;
			targetProxy = 784E83162E3020F200A4B6AA /* PBXContainerItemProxy */;
		};
		784E83212E3020F200A4B6AA /* PBXTargetDependency */ = {
			isa = PBXTargetDependency;
			target = 784E82FE2E3020EE00A4B6AA /* src-archive */;
			targetProxy = 784E83202E3020F200A4B6AA /* PBXContainerItemProxy */;
		};
/* End PBXTargetDependency section */

/* Begin XCBuildConfiguration section */
		784E83292E3020F200A4B6AA /* Debug */ = {
			isa = XCBuildConfiguration;
			buildSettings = {
				ASSETCATALOG_COMPILER_APPICON_NAME = AppIcon;
				ASSETCATALOG_COMPILER_GLOBAL_ACCENT_COLOR_NAME = AccentColor;
				CODE_SIGN_STYLE = Automatic;
				CURRENT_PROJECT_VERSION = 1;
				GENERATE_INFOPLIST_FILE = YES;
				INFOPLIST_FILE = "src-archive/Info.plist";
				INFOPLIST_KEY_UIApplicationSupportsIndirectInputEvents = YES;
				INFOPLIST_KEY_UILaunchStoryboardName = LaunchScreen;
				INFOPLIST_KEY_UISupportedInterfaceOrientations_iPad = "UIInterfaceOrientationPortrait UIInterfaceOrientationPortraitUpsideDown UIInterfaceOrientationLandscapeLeft UIInterfaceOrientationLandscapeRight";
				INFOPLIST_KEY_UISupportedInterfaceOrientations_iPhone = "UIInterfaceOrientationPortrait UIInterfaceOrientationLandscapeLeft UIInterfaceOrientationLandscapeRight";
				LD_RUNPATH_SEARCH_PATHS = (
					"$(inherited)",
					"@executable_path/Frameworks",
				);
				MARKETING_VERSION = 1.0;
				PRODUCT_BUNDLE_IDENTIFIER = "com.dmychen.src-archive";
				PRODUCT_NAME = "$(TARGET_NAME)";
				SWIFT_EMIT_LOC_STRINGS = YES;
				SWIFT_VERSION = 5.0;
				TARGETED_DEVICE_FAMILY = "1,2";
			};
			name = Debug;
		};
		784E832A2E3020F200A4B6AA /* Release */ = {
			isa = XCBuildConfiguration;
			buildSettings = {
				ASSETCATALOG_COMPILER_APPICON_NAME = AppIcon;
				ASSETCATALOG_COMPILER_GLOBAL_ACCENT_COLOR_NAME = AccentColor;
				CODE_SIGN_STYLE = Automatic;
				CURRENT_PROJECT_VERSION = 1;
				GENERATE_INFOPLIST_FILE = YES;
				INFOPLIST_FILE = "src-archive/Info.plist";
				INFOPLIST_KEY_UIApplicationSupportsIndirectInputEvents = YES;
				INFOPLIST_KEY_UILaunchStoryboardName = LaunchScreen;
				INFOPLIST_KEY_UISupportedInterfaceOrientations_iPad = "UIInterfaceOrientationPortrait UIInterfaceOrientationPortraitUpsideDown UIInterfaceOrientationLandscapeLeft UIInterfaceOrientationLandscapeRight";
				INFOPLIST_KEY_UISupportedInterfaceOrientations_iPhone = "UIInterfaceOrientationPortrait UIInterfaceOrientationLandscapeLeft UIInterfaceOrientationLandscapeRight";
				LD_RUNPATH_SEARCH_PATHS = (
					"$(inherited)",
					"@executable_path/Frameworks",
				);
				MARKETING_VERSION = 1.0;
				PRODUCT_BUNDLE_IDENTIFIER = "com.dmychen.src-archive";
				PRODUCT_NAME = "$(TARGET_NAME)";
				SWIFT_EMIT_LOC_STRINGS = YES;
				SWIFT_VERSION = 5.0;
				TARGETED_DEVICE_FAMILY = "1,2";
			};
			name = Release;
		};
		784E832B2E3020F200A4B6AA /* Debug */ = {
			isa = XCBuildConfiguration;
			buildSettings = {
				ALWAYS_SEARCH_USER_PATHS = NO;
				ASSETCATALOG_COMPILER_GENERATE_SWIFT_ASSET_SYMBOL_EXTENSIONS = YES;
				CLANG_ANALYZER_NONNULL = YES;
				CLANG_ANALYZER_NUMBER_OBJECT_CONVERSION = YES_AGGRESSIVE;
				CLANG_CXX_LANGUAGE_STANDARD = "gnu++20";
				CLANG_ENABLE_MODULES = YES;
				CLANG_ENABLE_OBJC_ARC = YES;
				CLANG_ENABLE_OBJC_WEAK = YES;
				CLANG_WARN_BLOCK_CAPTURE_AUTORELEASING = YES;
				CLANG_WARN_BOOL_CONVERSION = YES;
				CLANG_WARN_COMMA = YES;
				CLANG_WARN_CONSTANT_CONVERSION = YES;
				CLANG_WARN_DEPRECATED_OBJC_IMPLEMENTATIONS = YES;
				CLANG_WARN_DIRECT_OBJC_ISA_USAGE = YES_ERROR;
				CLANG_WARN_DOCUMENTATION_COMMENTS = YES;
				CLANG_WARN_EMPTY_BODY = YES;
				CLANG_WARN_ENUM_CONVERSION = YES;
				CLANG_WARN_INFINITE_RECURSION = YES;
				CLANG_WARN_INT_CONVERSION = YES;
				CLANG_WARN_NON_LITERAL_NULL_CONVERSION = YES;
				CLANG_WARN_OBJC_IMPLICIT_RETAIN_SELF = YES;
				CLANG_WARN_OBJC_LITERAL_CONVERSION = YES;
				CLANG_WARN_OBJC_ROOT_CLASS = YES_ERROR;
				CLANG_WARN_QUOTED_INCLUDE_IN_FRAMEWORK_HEADER = YES;
				CLANG_WARN_RANGE_LOOP_ANALYSIS = YES;
				CLANG_WARN_STRICT_PROTOTYPES = YES;
				CLANG_WARN_SUSPICIOUS_MOVE = YES;
				CLANG_WARN_UNGUARDED_AVAILABILITY = YES_AGGRESSIVE;
				CLANG_WARN_UNREACHABLE_CODE = YES;
				CLANG_WARN__DUPLICATE_METHOD_MATCH = YES;
				COPY_PHASE_STRIP = NO;
				DEBUG_INFORMATION_FORMAT = dwarf;
				ENABLE_STRICT_OBJC_MSGSEND = YES;
				ENABLE_TESTABILITY = YES;
				ENABLE_USER_SCRIPT_SANDBOXING = YES;
				GCC_C_LANGUAGE_STANDARD = gnu17;
				GCC_DYNAMIC_NO_PIC = NO;
				GCC_NO_COMMON_BLOCKS = YES;
				GCC_OPTIMIZATION_LEVEL = 0;
				GCC_PREPROCESSOR_DEFINITIONS = (
					"DEBUG=1",
					"$(inherited)",
				);
				GCC_WARN_64_TO_32_BIT_CONVERSION = YES;
				GCC_WARN_ABOUT_RETURN_TYPE = YES_ERROR;
				GCC_WARN_UNDECLARED_SELECTOR = YES;
				GCC_WARN_UNINITIALIZED_AUTOS = YES_AGGRESSIVE;
				GCC_WARN_UNUSED_FUNCTION = YES;
				GCC_WARN_UNUSED_VARIABLE = YES;
				IPHONEOS_DEPLOYMENT_TARGET = 18.5;
				LOCALIZATION_PREFERS_STRING_CATALOGS = YES;
				MTL_ENABLE_DEBUG_INFO = INCLUDE_SOURCE;
				MTL_FAST_MATH = YES;
				ONLY_ACTIVE_ARCH = YES;
				SDKROOT = iphoneos;
				SWIFT_ACTIVE_COMPILATION_CONDITIONS = "DEBUG $(inherited)";
				SWIFT_OPTIMIZATION_LEVEL = "-Onone";
			};
			name = Debug;
		};
		784E832C2E3020F200A4B6AA /* Release */ = {
			isa = XCBuildConfiguration;
			buildSettings = {
				ALWAYS_SEARCH_USER_PATHS = NO;
				ASSETCATALOG_COMPILER_GENERATE_SWIFT_ASSET_SYMBOL_EXTENSIONS = YES;
				CLANG_ANALYZER_NONNULL = YES;
				CLANG_ANALYZER_NUMBER_OBJECT_CONVERSION = YES_AGGRESSIVE;
				CLANG_CXX_LANGUAGE_STANDARD = "gnu++20";
				CLANG_ENABLE_MODULES = YES;
				CLANG_ENABLE_OBJC_ARC = YES;
				CLANG_ENABLE_OBJC_WEAK = YES;
				CLANG_WARN_BLOCK_CAPTURE_AUTORELEASING = YES;
				CLANG_WARN_BOOL_CONVERSION = YES;
				CLANG_WARN_COMMA = YES;
				CLANG_WARN_CONSTANT_CONVERSION = YES;
				CLANG_WARN_DEPRECATED_OBJC_IMPLEMENTATIONS = YES;
				CLANG_WARN_DIRECT_OBJC_ISA_USAGE = YES_ERROR;
				CLANG_WARN_DOCUMENTATION_COMMENTS = YES;
				CLANG_WARN_EMPTY_BODY = YES;
				CLANG_WARN_ENUM_CONVERSION = YES;
				CLANG_WARN_INFINITE_RECURSION = YES;
				CLANG_WARN_INT_CONVERSION = YES;
				CLANG_WARN_NON_LITERAL_NULL_CONVERSION = YES;
				CLANG_WARN_OBJC_IMPLICIT_RETAIN_SELF = YES;
				CLANG_WARN_OBJC_LITERAL_CONVERSION = YES;
				CLANG_WARN_OBJC_ROOT_CLASS = YES_ERROR;
				CLANG_WARN_QUOTED_INCLUDE_IN_FRAMEWORK_HEADER = YES;
				CLANG_WARN_RANGE_LOOP_ANALYSIS = YES;
				CLANG_WARN_STRICT_PROTOTYPES = YES;
				CLANG_WARN_SUSPICIOUS_MOVE = YES;
				CLANG_WARN_UNGUARDED_AVAILABILITY = YES_AGGRESSIVE;
				CLANG_WARN_UNREACHABLE_CODE = YES;
				CLANG_WARN__DUPLICATE_METHOD_MATCH = YES;
				COPY_PHASE_STRIP = NO;
				DEBUG_INFORMATION_FORMAT = "dwarf-with-dsym";
				ENABLE_NS_ASSERTIONS = NO;
				ENABLE_STRICT_OBJC_MSGSEND = YES;
				ENABLE_USER_SCRIPT_SANDBOXING = YES;
				GCC_C_LANGUAGE_STANDARD = gnu17;
				GCC_NO_COMMON_BLOCKS = YES;
				GCC_WARN_64_TO_32_BIT_CONVERSION = YES;
				GCC_WARN_ABOUT_RETURN_TYPE = YES_ERROR;
				GCC_WARN_UNDECLARED_SELECTOR = YES;
				GCC_WARN_UNINITIALIZED_AUTOS = YES_AGGRESSIVE;
				GCC_WARN_UNUSED_FUNCTION = YES;
				GCC_WARN_UNUSED_VARIABLE = YES;
				IPHONEOS_DEPLOYMENT_TARGET = 18.5;
				LOCALIZATION_PREFERS_STRING_CATALOGS = YES;
				MTL_ENABLE_DEBUG_INFO = NO;
				MTL_FAST_MATH = YES;
				SDKROOT = iphoneos;
				SWIFT_COMPILATION_MODE = wholemodule;
				VALIDATE_PRODUCT = YES;
			};
			name = Release;
		};
		784E832E2E3020F200A4B6AA /* Debug */ = {
			isa = XCBuildConfiguration;
			buildSettings = {
				BUNDLE_LOADER = "$(TEST_HOST)";
				CODE_SIGN_STYLE = Automatic;
				CURRENT_PROJECT_VERSION = 1;
				GENERATE_INFOPLIST_FILE = YES;
				IPHONEOS_DEPLOYMENT_TARGET = 18.5;
				MARKETING_VERSION = 1.0;
				PRODUCT_BUNDLE_IDENTIFIER = "com.dmychen.src-archiveTests";
				PRODUCT_NAME = "$(TARGET_NAME)";
				SWIFT_EMIT_LOC_STRINGS = NO;
				SWIFT_VERSION = 5.0;
				TARGETED_DEVICE_FAMILY = "1,2";
				TEST_HOST = "$(BUILT_PRODUCTS_DIR)/src-archive.app/$(BUNDLE_EXECUTABLE_FOLDER_PATH)/src-archive";
			};
			name = Debug;
		};
		784E832F2E3020F200A4B6AA /* Release */ = {
			isa = XCBuildConfiguration;
			buildSettings = {
				BUNDLE_LOADER = "$(TEST_HOST)";
				CODE_SIGN_STYLE = Automatic;
				CURRENT_PROJECT_VERSION = 1;
				GENERATE_INFOPLIST_FILE = YES;
				IPHONEOS_DEPLOYMENT_TARGET = 18.5;
				MARKETING_VERSION = 1.0;
				PRODUCT_BUNDLE_IDENTIFIER = "com.dmychen.src-archiveTests";
				PRODUCT_NAME = "$(TARGET_NAME)";
				SWIFT_EMIT_LOC_STRINGS = NO;
				SWIFT_VERSION = 5.0;
				TARGETED_DEVICE_FAMILY = "1,2";
				TEST_HOST = "$(BUILT_PRODUCTS_DIR)/src-archive.app/$(BUNDLE_EXECUTABLE_FOLDER_PATH)/src-archive";
			};
			name = Release;
		};
		784E83312E3020F200A4B6AA /* Debug */ = {
			isa = XCBuildConfiguration;
			buildSettings = {
				CODE_SIGN_STYLE = Automatic;
				CURRENT_PROJECT_VERSION = 1;
				GENERATE_INFOPLIST_FILE = YES;
				MARKETING_VERSION = 1.0;
				PRODUCT_BUNDLE_IDENTIFIER = "com.dmychen.src-archiveUITests";
				PRODUCT_NAME = "$(TARGET_NAME)";
				SWIFT_EMIT_LOC_STRINGS = NO;
				SWIFT_VERSION = 5.0;
				TARGETED_DEVICE_FAMILY = "1,2";
				TEST_TARGET_NAME = "src-archive";
			};
			name = Debug;
		};
		784E83322E3020F200A4B6AA /* Release */ = {
			isa = XCBuildConfiguration;
			buildSettings = {
				CODE_SIGN_STYLE = Automatic;
				CURRENT_PROJECT_VERSION = 1;
				GENERATE_INFOPLIST_FILE = YES;
				MARKETING_VERSION = 1.0;
				PRODUCT_BUNDLE_IDENTIFIER = "com.dmychen.src-archiveUITests";
				PRODUCT_NAME = "$(TARGET_NAME)";
				SWIFT_EMIT_LOC_STRINGS = NO;
				SWIFT_VERSION = 5.0;
				TARGETED_DEVICE_FAMILY = "1,2";
				TEST_TARGET_NAME = "src-archive";
			};
			name = Release;
		};
/* End XCBuildConfiguration section */

/* Begin XCConfigurationList section */
		784E82FA2E3020EE00A4B6AA /* Build configuration list for PBXProject "src-archive" */ = {
			isa = XCConfigurationList;
			buildConfigurations = (
				784E832B2E3020F200A4B6AA /* Debug */,
				784E832C2E3020F200A4B6AA /* Release */,
			);
			defaultConfigurationIsVisible = 0;
			defaultConfigurationName = Release;
		};
		784E83282E3020F200A4B6AA /* Build configuration list for PBXNativeTarget "src-archive" */ = {
			isa = XCConfigurationList;
			buildConfigurations = (
				784E83292E3020F200A4B6AA /* Debug */,
				784E832A2E3020F200A4B6AA /* Release */,
			);
			defaultConfigurationIsVisible = 0;
			defaultConfigurationName = Release;
		};
		784E832D2E3020F200A4B6AA /* Build configuration list for PBXNativeTarget "src-archiveTests" */ = {
			isa = XCConfigurationList;
			buildConfigurations = (
				784E832E2E3020F200A4B6AA /* Debug */,
				784E832F2E3020F200A4B6AA /* Release */,
			);
			defaultConfigurationIsVisible = 0;
			defaultConfigurationName = Release;
		};
		784E83302E3020F200A4B6AA /* Build configuration list for PBXNativeTarget "src-archiveUITests" */ = {
			isa = XCConfigurationList;
			buildConfigurations = (
				784E83312E3020F200A4B6AA /* Debug */,
				784E83322E3020F200A4B6AA /* Release */,
			);
			defaultConfigurationIsVisible = 0;
			defaultConfigurationName = Release;
		};
/* End XCConfigurationList section */
	};
	rootObject = 784E82F72E3020EE00A4B6AA /* Project object */;
}
